
Microsoft Visual Studio Solution File, Format Version 12.00
# Visual Studio 15
VisualStudioVersion = 15.0.28307.757
MinimumVisualStudioVersion = 10.0.40219.1
Project("{8BC9CEB8-8B4A-11D0-8D11-00A0C91BC942}") = "ClothSimulation", "ClothSimulation\ClothSimulation.vcxproj", "{63B04BD0-05B6-4D4D-9A80-49995EF45291}"
EndProject
Global
	GlobalSection(SolutionConfigurationPlatforms) = preSolution
		Debug|x64 = Debug|x64
		Debug|x86 = Debug|x86
		Release|x64 = Release|x64
		Release|x86 = Release|x86
	EndGlobalSection
	GlobalSection(ProjectConfigurationPlatforms) = postSolution
		{63B04BD0-05B6-4D4D-9A80-49995EF45291}.Debug|x64.ActiveCfg = Debug|x64
		{63B04BD0-05B6-4D4D-9A80-49995EF45291}.Debug|x64.Build.0 = Debug|x64
		{63B04BD0-05B6-4D4D-9A80-49995EF45291}.Debug|x86.ActiveCfg = Debug|Win32
		{63B04BD0-05B6-4D4D-9A80-49995EF45291}.Debug|x86.Build.0 = Debug|Win32
		{63B04BD0-05B6-4D4D-9A80-49995EF45291}.Release|x64.ActiveCfg = Release|x64
		{63B04BD0-05B6-4D4D-9A80-49995EF45291}.Release|x64.Build.0 = Release|x64
		{63B04BD0-05B6-4D4D-9A80-49995EF45291}.Release|x86.ActiveCfg = Release|Win32
		{63B04BD0-05B6-4D4D-9A80-49995EF45291}.Release|x86.Build.0 = Release|Win32
	EndGlobalSection
	GlobalSection(SolutionProperties) = preSolution
		HideSolutionNode = FALSE
	EndGlobalSection
	GlobalSection(ExtensibilityGlobals) = postSolution
		SolutionGuid = {2F36C5ED-BA6F-49A4-816E-3497236F6336}
	EndGlobalSection
EndGlobal
